{"imports":{"hello":"0.1.3"},"packages":{"@mofukuma/hello@0.1.3":{"sha256":"010fed01b30fe949f012388cc4f698fe02de3db34d174a788de89a2541279ae0","url":"https://gd-cli.progsha.com/pkg/@mofukuma/hello/0.1.3/mod.gd","size":197,"files":{"mod.gd":{"size":197,"sha256":"010fed01b30fe949f012388cc4f698fe02de3db34d174a788de89a2541279ae0"}},"imports":{},"requires":{}}},"registry":"https://gd-cli.progsha.com/pkg","requests":{"hello":"gd:@mofukuma/hello@0.1.3"}}
